
Microsoft Visual Studio Solution File, Format Version 12.00
# Visual Studio 15
VisualStudioVersion = 15.0.27004.2006
MinimumVisualStudioVersion = 10.0.40219.1
Project("{FAE04EC0-301F-11D3-BF4B-00C04F79EFBC}") = "NSpecInNUnit", "NSpecInNUnit\NSpecInNUnit.csproj", "{574D6DE3-2F59-42D7-A970-F7BCADC00951}"
EndProject
Project("{FAE04EC0-301F-11D3-BF4B-00C04F79EFBC}") = "NSpecInNUnit.Examples", "NSpecInNUnit.Examples\NSpecInNUnit.Examples.csproj", "{1F18D2F0-C511-43C0-BF12-E70854699B39}"
EndProject
Global
	GlobalSection(SolutionConfigurationPlatforms) = preSolution
		Debug|Any CPU = Debug|Any CPU
		Release|Any CPU = Release|Any CPU
	EndGlobalSection
	GlobalSection(ProjectConfigurationPlatforms) = postSolution
		{574D6DE3-2F59-42D7-A970-F7BCADC00951}.Debug|Any CPU.ActiveCfg = Debug|Any CPU
		{574D6DE3-2F59-42D7-A970-F7BCADC00951}.Debug|Any CPU.Build.0 = Debug|Any CPU
		{574D6DE3-2F59-42D7-A970-F7BCADC00951}.Release|Any CPU.ActiveCfg = Release|Any CPU
		{574D6DE3-2F59-42D7-A970-F7BCADC00951}.Release|Any CPU.Build.0 = Release|Any CPU
		{1F18D2F0-C511-43C0-BF12-E70854699B39}.Debug|Any CPU.ActiveCfg = Debug|Any CPU
		{1F18D2F0-C511-43C0-BF12-E70854699B39}.Debug|Any CPU.Build.0 = Debug|Any CPU
		{1F18D2F0-C511-43C0-BF12-E70854699B39}.Release|Any CPU.ActiveCfg = Release|Any CPU
		{1F18D2F0-C511-43C0-BF12-E70854699B39}.Release|Any CPU.Build.0 = Release|Any CPU
	EndGlobalSection
	GlobalSection(SolutionProperties) = preSolution
		HideSolutionNode = FALSE
	EndGlobalSection
	GlobalSection(ExtensibilityGlobals) = postSolution
		SolutionGuid = {C86BC41F-99F6-4D7F-A585-FC53BEBD2A72}
	EndGlobalSection
EndGlobal
